
Microsoft Visual Studio Solution File, Format Version 12.00
# Visual Studio Version 16
VisualStudioVersion = 16.0.29102.190
MinimumVisualStudioVersion = 10.0.40219.1
Project("{9A19103F-16F7-4668-BE54-9A1E7A4F7556}") = "ZXing.Net", "Source\lib\netstandard2.0\ZXing.Net.csproj", "{832C3EF1-56B8-4164-B140-4A2D01DB3CA2}"
EndProject
Project("{FAE04EC0-301F-11D3-BF4B-00C04F79EFBC}") = "zxing.net3.5", "Source\lib\zxing.net3.5.csproj", "{E9498F6A-0FA7-4E34-BD38-9C54DC800941}"
EndProject
Project("{FAE04EC0-301F-11D3-BF4B-00C04F79EFBC}") = "zxing.net4.5", "Source\lib\zxing.net4.5.csproj", "{24074395-0196-4204-B516-CB6DBA2FC4B9}"
EndProject
Project("{FAE04EC0-301F-11D3-BF4B-00C04F79EFBC}") = "zxing.net4.5.presentation", "Source\lib\zxing.net4.5.presentation.csproj", "{D038EDF8-2DB4-4E21-B369-12C115583A81}"
EndProject
Project("{2150E333-8FDC-42A3-9474-1A3956D46DE8}") = "Clients", "Clients", "{751F738A-6DBF-4E2B-8FCD-D381E46D979D}"
EndProject
Project("{FAE04EC0-301F-11D3-BF4B-00C04F79EFBC}") = "CommandLineDecoder", "Clients\CommandLineDecoder\CommandLineDecoder.csproj", "{7B604F37-11C5-499F-9CE2-943BAFB60552}"
EndProject
Project("{FAE04EC0-301F-11D3-BF4B-00C04F79EFBC}") = "CommandLineEncoder", "Clients\CommandLineEncoder\CommandLineEncoder.csproj", "{F37668D8-6423-4019-90D9-3DA81EEC6A1A}"
EndProject
Project("{FAE04EC0-301F-11D3-BF4B-00C04F79EFBC}") = "WindowsFormsDemo", "Clients\WindowsFormsDemo\WindowsFormsDemo.csproj", "{D21445EE-13AF-418B-9576-83414990B3A7}"
EndProject
Project("{FAE04EC0-301F-11D3-BF4B-00C04F79EFBC}") = "WPFDemo", "Clients\WPFDemo\WPFDemo\WPFDemo.csproj", "{AF488075-40E9-48B1-8C5B-2FC5356C9233}"
EndProject
Project("{2150E333-8FDC-42A3-9474-1A3956D46DE8}") = "Icons", "Icons", "{3F13AD7D-6FC4-4430-A1B2-0463447F09C3}"
	ProjectSection(SolutionItems) = preProject
		Icons\logo.ai = Icons\logo.ai
		Icons\logo.jpg = Icons\logo.jpg
		Icons\logo_logo with text.svg = Icons\logo_logo with text.svg
		Icons\logo_logo without text.svg = Icons\logo_logo without text.svg
	EndProjectSection
EndProject
Project("{2150E333-8FDC-42A3-9474-1A3956D46DE8}") = "Solution Items", "Solution Items", "{5BC41753-E42D-4373-9339-824C7784D49D}"
	ProjectSection(SolutionItems) = preProject
		COPYING = COPYING
		log4net.config = log4net.config
		nuget.config = nuget.config
		THANKS = THANKS
		TODO.txt = TODO.txt
	EndProjectSection
EndProject
Project("{FAE04EC0-301F-11D3-BF4B-00C04F79EFBC}") = "zxing.interop", "Source\interop\zxing.interop.csproj", "{3955595F-CB1E-4947-B741-9F305605298D}"
EndProject
Project("{9A19103F-16F7-4668-BE54-9A1E7A4F7556}") = "ZXing.Netcoreapp3.0.presentation", "Source\lib\netcoreapp3.0\ZXing.Netcoreapp3.0.presentation.csproj", "{C15BC6D6-A6EE-46DB-8706-E7317F124126}"
EndProject
Project("{FAE04EC0-301F-11D3-BF4B-00C04F79EFBC}") = "zxing.net4.8", "Source\lib\zxing.net4.8.csproj", "{D3751126-7345-4459-994D-8E3A8B5A1B1E}"
EndProject
Project("{FAE04EC0-301F-11D3-BF4B-00C04F79EFBC}") = "zxing.net4.8.presentation", "Source\lib\zxing.net4.8.presentation.csproj", "{23F0D07E-D1B2-4161-915C-439585AA42A1}"
EndProject
Global
	GlobalSection(SolutionConfigurationPlatforms) = preSolution
		Debug - Reduced|Any CPU = Debug - Reduced|Any CPU
		Debug - Reduced|ARM = Debug - Reduced|ARM
		Debug - Reduced|x64 = Debug - Reduced|x64
		Debug - Reduced|x86 = Debug - Reduced|x86
		Debug|Any CPU = Debug|Any CPU
		Debug|ARM = Debug|ARM
		Debug|x64 = Debug|x64
		Debug|x86 = Debug|x86
		Release with Documentation|Any CPU = Release with Documentation|Any CPU
		Release with Documentation|ARM = Release with Documentation|ARM
		Release with Documentation|x64 = Release with Documentation|x64
		Release with Documentation|x86 = Release with Documentation|x86
		Release|Any CPU = Release|Any CPU
		Release|ARM = Release|ARM
		Release|x64 = Release|x64
		Release|x86 = Release|x86
	EndGlobalSection
	GlobalSection(ProjectConfigurationPlatforms) = postSolution
		{832C3EF1-56B8-4164-B140-4A2D01DB3CA2}.Debug - Reduced|Any CPU.ActiveCfg = Debug|Any CPU
		{832C3EF1-56B8-4164-B140-4A2D01DB3CA2}.Debug - Reduced|ARM.ActiveCfg = Debug|Any CPU
		{832C3EF1-56B8-4164-B140-4A2D01DB3CA2}.Debug - Reduced|ARM.Build.0 = Debug|Any CPU
		{832C3EF1-56B8-4164-B140-4A2D01DB3CA2}.Debug - Reduced|x64.ActiveCfg = Debug|Any CPU
		{832C3EF1-56B8-4164-B140-4A2D01DB3CA2}.Debug - Reduced|x64.Build.0 = Debug|Any CPU
		{832C3EF1-56B8-4164-B140-4A2D01DB3CA2}.Debug - Reduced|x86.ActiveCfg = Debug|Any CPU
		{832C3EF1-56B8-4164-B140-4A2D01DB3CA2}.Debug|Any CPU.ActiveCfg = Debug|Any CPU
		{832C3EF1-56B8-4164-B140-4A2D01DB3CA2}.Debug|Any CPU.Build.0 = Debug|Any CPU
		{832C3EF1-56B8-4164-B140-4A2D01DB3CA2}.Debug|ARM.ActiveCfg = Debug|Any CPU
		{832C3EF1-56B8-4164-B140-4A2D01DB3CA2}.Debug|ARM.Build.0 = Debug|Any CPU
		{832C3EF1-56B8-4164-B140-4A2D01DB3CA2}.Debug|x64.ActiveCfg = Debug|Any CPU
		{832C3EF1-56B8-4164-B140-4A2D01DB3CA2}.Debug|x64.Build.0 = Debug|Any CPU
		{832C3EF1-56B8-4164-B140-4A2D01DB3CA2}.Debug|x86.ActiveCfg = Debug|Any CPU
		{832C3EF1-56B8-4164-B140-4A2D01DB3CA2}.Release with Documentation|Any CPU.ActiveCfg = Release|Any CPU
		{832C3EF1-56B8-4164-B140-4A2D01DB3CA2}.Release with Documentation|Any CPU.Build.0 = Release|Any CPU
		{832C3EF1-56B8-4164-B140-4A2D01DB3CA2}.Release with Documentation|ARM.ActiveCfg = Release|Any CPU
		{832C3EF1-56B8-4164-B140-4A2D01DB3CA2}.Release with Documentation|ARM.Build.0 = Release|Any CPU
		{832C3EF1-56B8-4164-B140-4A2D01DB3CA2}.Release with Documentation|x64.ActiveCfg = Release|Any CPU
		{832C3EF1-56B8-4164-B140-4A2D01DB3CA2}.Release with Documentation|x64.Build.0 = Release|Any CPU
		{832C3EF1-56B8-4164-B140-4A2D01DB3CA2}.Release with Documentation|x86.ActiveCfg = Release|Any CPU
		{832C3EF1-56B8-4164-B140-4A2D01DB3CA2}.Release|Any CPU.ActiveCfg = Release|Any CPU
		{832C3EF1-56B8-4164-B140-4A2D01DB3CA2}.Release|Any CPU.Build.0 = Release|Any CPU
		{832C3EF1-56B8-4164-B140-4A2D01DB3CA2}.Release|ARM.ActiveCfg = Release|Any CPU
		{832C3EF1-56B8-4164-B140-4A2D01DB3CA2}.Release|x64.ActiveCfg = Release|Any CPU
		{832C3EF1-56B8-4164-B140-4A2D01DB3CA2}.Release|x86.ActiveCfg = Release|Any CPU
		{E9498F6A-0FA7-4E34-BD38-9C54DC800941}.Debug - Reduced|Any CPU.ActiveCfg = Debug|Any CPU
		{E9498F6A-0FA7-4E34-BD38-9C54DC800941}.Debug - Reduced|ARM.ActiveCfg = Debug - Reduced|Any CPU
		{E9498F6A-0FA7-4E34-BD38-9C54DC800941}.Debug - Reduced|ARM.Build.0 = Debug - Reduced|Any CPU
		{E9498F6A-0FA7-4E34-BD38-9C54DC800941}.Debug - Reduced|x64.ActiveCfg = Debug - Reduced|Any CPU
		{E9498F6A-0FA7-4E34-BD38-9C54DC800941}.Debug - Reduced|x64.Build.0 = Debug - Reduced|Any CPU
		{E9498F6A-0FA7-4E34-BD38-9C54DC800941}.Debug - Reduced|x86.ActiveCfg = Debug - Reduced|Any CPU
		{E9498F6A-0FA7-4E34-BD38-9C54DC800941}.Debug|Any CPU.ActiveCfg = Debug|Any CPU
		{E9498F6A-0FA7-4E34-BD38-9C54DC800941}.Debug|Any CPU.Build.0 = Debug|Any CPU
		{E9498F6A-0FA7-4E34-BD38-9C54DC800941}.Debug|ARM.ActiveCfg = Debug|Any CPU
		{E9498F6A-0FA7-4E34-BD38-9C54DC800941}.Debug|ARM.Build.0 = Debug|Any CPU
		{E9498F6A-0FA7-4E34-BD38-9C54DC800941}.Debug|x64.ActiveCfg = Debug|Any CPU
		{E9498F6A-0FA7-4E34-BD38-9C54DC800941}.Debug|x64.Build.0 = Debug|Any CPU
		{E9498F6A-0FA7-4E34-BD38-9C54DC800941}.Debug|x86.ActiveCfg = Debug|Any CPU
		{E9498F6A-0FA7-4E34-BD38-9C54DC800941}.Release with Documentation|Any CPU.ActiveCfg = Release|Any CPU
		{E9498F6A-0FA7-4E34-BD38-9C54DC800941}.Release with Documentation|Any CPU.Build.0 = Release|Any CPU
		{E9498F6A-0FA7-4E34-BD38-9C54DC800941}.Release with Documentation|ARM.ActiveCfg = Release|Any CPU
		{E9498F6A-0FA7-4E34-BD38-9C54DC800941}.Release with Documentation|ARM.Build.0 = Release|Any CPU
		{E9498F6A-0FA7-4E34-BD38-9C54DC800941}.Release with Documentation|x64.ActiveCfg = Release|Any CPU
		{E9498F6A-0FA7-4E34-BD38-9C54DC800941}.Release with Documentation|x64.Build.0 = Release|Any CPU
		{E9498F6A-0FA7-4E34-BD38-9C54DC800941}.Release with Documentation|x86.ActiveCfg = Release|Any CPU
		{E9498F6A-0FA7-4E34-BD38-9C54DC800941}.Release|Any CPU.ActiveCfg = Release|Any CPU
		{E9498F6A-0FA7-4E34-BD38-9C54DC800941}.Release|Any CPU.Build.0 = Release|Any CPU
		{E9498F6A-0FA7-4E34-BD38-9C54DC800941}.Release|ARM.ActiveCfg = Release|Any CPU
		{E9498F6A-0FA7-4E34-BD38-9C54DC800941}.Release|x64.ActiveCfg = Release|Any CPU
		{E9498F6A-0FA7-4E34-BD38-9C54DC800941}.Release|x86.ActiveCfg = Release|Any CPU
		{24074395-0196-4204-B516-CB6DBA2FC4B9}.Debug - Reduced|Any CPU.ActiveCfg = Debug|Any CPU
		{24074395-0196-4204-B516-CB6DBA2FC4B9}.Debug - Reduced|ARM.ActiveCfg = Debug - Reduced|Any CPU
		{24074395-0196-4204-B516-CB6DBA2FC4B9}.Debug - Reduced|ARM.Build.0 = Debug - Reduced|Any CPU
		{24074395-0196-4204-B516-CB6DBA2FC4B9}.Debug - Reduced|x64.ActiveCfg = Debug - Reduced|Any CPU
		{24074395-0196-4204-B516-CB6DBA2FC4B9}.Debug - Reduced|x64.Build.0 = Debug - Reduced|Any CPU
		{24074395-0196-4204-B516-CB6DBA2FC4B9}.Debug - Reduced|x86.ActiveCfg = Debug - Reduced|Any CPU
		{24074395-0196-4204-B516-CB6DBA2FC4B9}.Debug|Any CPU.ActiveCfg = Debug|Any CPU
		{24074395-0196-4204-B516-CB6DBA2FC4B9}.Debug|Any CPU.Build.0 = Debug|Any CPU
		{24074395-0196-4204-B516-CB6DBA2FC4B9}.Debug|ARM.ActiveCfg = Debug|Any CPU
		{24074395-0196-4204-B516-CB6DBA2FC4B9}.Debug|ARM.Build.0 = Debug|Any CPU
		{24074395-0196-4204-B516-CB6DBA2FC4B9}.Debug|x64.ActiveCfg = Debug|Any CPU
		{24074395-0196-4204-B516-CB6DBA2FC4B9}.Debug|x64.Build.0 = Debug|Any CPU
		{24074395-0196-4204-B516-CB6DBA2FC4B9}.Debug|x86.ActiveCfg = Debug|Any CPU
		{24074395-0196-4204-B516-CB6DBA2FC4B9}.Release with Documentation|Any CPU.ActiveCfg = Release|Any CPU
		{24074395-0196-4204-B516-CB6DBA2FC4B9}.Release with Documentation|Any CPU.Build.0 = Release|Any CPU
		{24074395-0196-4204-B516-CB6DBA2FC4B9}.Release with Documentation|ARM.ActiveCfg = Release|Any CPU
		{24074395-0196-4204-B516-CB6DBA2FC4B9}.Release with Documentation|ARM.Build.0 = Release|Any CPU
		{24074395-0196-4204-B516-CB6DBA2FC4B9}.Release with Documentation|x64.ActiveCfg = Release|Any CPU
		{24074395-0196-4204-B516-CB6DBA2FC4B9}.Release with Documentation|x64.Build.0 = Release|Any CPU
		{24074395-0196-4204-B516-CB6DBA2FC4B9}.Release with Documentation|x86.ActiveCfg = Release|Any CPU
		{24074395-0196-4204-B516-CB6DBA2FC4B9}.Release|Any CPU.ActiveCfg = Release|Any CPU
		{24074395-0196-4204-B516-CB6DBA2FC4B9}.Release|Any CPU.Build.0 = Release|Any CPU
		{24074395-0196-4204-B516-CB6DBA2FC4B9}.Release|ARM.ActiveCfg = Release|Any CPU
		{24074395-0196-4204-B516-CB6DBA2FC4B9}.Release|x64.ActiveCfg = Release|Any CPU
		{24074395-0196-4204-B516-CB6DBA2FC4B9}.Release|x86.ActiveCfg = Release|Any CPU
		{D038EDF8-2DB4-4E21-B369-12C115583A81}.Debug - Reduced|Any CPU.ActiveCfg = Debug|Any CPU
		{D038EDF8-2DB4-4E21-B369-12C115583A81}.Debug - Reduced|ARM.ActiveCfg = Debug - Reduced|Any CPU
		{D038EDF8-2DB4-4E21-B369-12C115583A81}.Debug - Reduced|ARM.Build.0 = Debug - Reduced|Any CPU
		{D038EDF8-2DB4-4E21-B369-12C115583A81}.Debug - Reduced|x64.ActiveCfg = Debug - Reduced|Any CPU
		{D038EDF8-2DB4-4E21-B369-12C115583A81}.Debug - Reduced|x64.Build.0 = Debug - Reduced|Any CPU
		{D038EDF8-2DB4-4E21-B369-12C115583A81}.Debug - Reduced|x86.ActiveCfg = Debug - Reduced|Any CPU
		{D038EDF8-2DB4-4E21-B369-12C115583A81}.Debug|Any CPU.ActiveCfg = Debug|Any CPU
		{D038EDF8-2DB4-4E21-B369-12C115583A81}.Debug|Any CPU.Build.0 = Debug|Any CPU
		{D038EDF8-2DB4-4E21-B369-12C115583A81}.Debug|ARM.ActiveCfg = Debug|Any CPU
		{D038EDF8-2DB4-4E21-B369-12C115583A81}.Debug|ARM.Build.0 = Debug|Any CPU
		{D038EDF8-2DB4-4E21-B369-12C115583A81}.Debug|x64.ActiveCfg = Debug|Any CPU
		{D038EDF8-2DB4-4E21-B369-12C115583A81}.Debug|x64.Build.0 = Debug|Any CPU
		{D038EDF8-2DB4-4E21-B369-12C115583A81}.Debug|x86.ActiveCfg = Debug|Any CPU
		{D038EDF8-2DB4-4E21-B369-12C115583A81}.Release with Documentation|Any CPU.ActiveCfg = Release|Any CPU
		{D038EDF8-2DB4-4E21-B369-12C115583A81}.Release with Documentation|Any CPU.Build.0 = Release|Any CPU
		{D038EDF8-2DB4-4E21-B369-12C115583A81}.Release with Documentation|ARM.ActiveCfg = Release|Any CPU
		{D038EDF8-2DB4-4E21-B369-12C115583A81}.Release with Documentation|ARM.Build.0 = Release|Any CPU
		{D038EDF8-2DB4-4E21-B369-12C115583A81}.Release with Documentation|x64.ActiveCfg = Release|Any CPU
		{D038EDF8-2DB4-4E21-B369-12C115583A81}.Release with Documentation|x64.Build.0 = Release|Any CPU
		{D038EDF8-2DB4-4E21-B369-12C115583A81}.Release with Documentation|x86.ActiveCfg = Release|Any CPU
		{D038EDF8-2DB4-4E21-B369-12C115583A81}.Release|Any CPU.ActiveCfg = Release|Any CPU
		{D038EDF8-2DB4-4E21-B369-12C115583A81}.Release|Any CPU.Build.0 = Release|Any CPU
		{D038EDF8-2DB4-4E21-B369-12C115583A81}.Release|ARM.ActiveCfg = Release|Any CPU
		{D038EDF8-2DB4-4E21-B369-12C115583A81}.Release|x64.ActiveCfg = Release|Any CPU
		{D038EDF8-2DB4-4E21-B369-12C115583A81}.Release|x86.ActiveCfg = Release|Any CPU
		{7B604F37-11C5-499F-9CE2-943BAFB60552}.Debug - Reduced|Any CPU.ActiveCfg = Debug|Any CPU
		{7B604F37-11C5-499F-9CE2-943BAFB60552}.Debug - Reduced|ARM.ActiveCfg = Debug - Reduced|Any CPU
		{7B604F37-11C5-499F-9CE2-943BAFB60552}.Debug - Reduced|ARM.Build.0 = Debug - Reduced|Any CPU
		{7B604F37-11C5-499F-9CE2-943BAFB60552}.Debug - Reduced|x64.ActiveCfg = Debug - Reduced|Any CPU
		{7B604F37-11C5-499F-9CE2-943BAFB60552}.Debug - Reduced|x64.Build.0 = Debug - Reduced|Any CPU
		{7B604F37-11C5-499F-9CE2-943BAFB60552}.Debug - Reduced|x86.ActiveCfg = Debug - Reduced|Any CPU
		{7B604F37-11C5-499F-9CE2-943BAFB60552}.Debug|Any CPU.ActiveCfg = Debug|Any CPU
		{7B604F37-11C5-499F-9CE2-943BAFB60552}.Debug|Any CPU.Build.0 = Debug|Any CPU
		{7B604F37-11C5-499F-9CE2-943BAFB60552}.Debug|ARM.ActiveCfg = Debug|Any CPU
		{7B604F37-11C5-499F-9CE2-943BAFB60552}.Debug|ARM.Build.0 = Debug|Any CPU
		{7B604F37-11C5-499F-9CE2-943BAFB60552}.Debug|x64.ActiveCfg = Debug|Any CPU
		{7B604F37-11C5-499F-9CE2-943BAFB60552}.Debug|x64.Build.0 = Debug|Any CPU
		{7B604F37-11C5-499F-9CE2-943BAFB60552}.Debug|x86.ActiveCfg = Debug|Any CPU
		{7B604F37-11C5-499F-9CE2-943BAFB60552}.Release with Documentation|Any CPU.ActiveCfg = Release|Any CPU
		{7B604F37-11C5-499F-9CE2-943BAFB60552}.Release with Documentation|Any CPU.Build.0 = Release|Any CPU
		{7B604F37-11C5-499F-9CE2-943BAFB60552}.Release with Documentation|ARM.ActiveCfg = Release|Any CPU
		{7B604F37-11C5-499F-9CE2-943BAFB60552}.Release with Documentation|ARM.Build.0 = Release|Any CPU
		{7B604F37-11C5-499F-9CE2-943BAFB60552}.Release with Documentation|x64.ActiveCfg = Release|Any CPU
		{7B604F37-11C5-499F-9CE2-943BAFB60552}.Release with Documentation|x64.Build.0 = Release|Any CPU
		{7B604F37-11C5-499F-9CE2-943BAFB60552}.Release with Documentation|x86.ActiveCfg = Release|Any CPU
		{7B604F37-11C5-499F-9CE2-943BAFB60552}.Release|Any CPU.ActiveCfg = Release|Any CPU
		{7B604F37-11C5-499F-9CE2-943BAFB60552}.Release|Any CPU.Build.0 = Release|Any CPU
		{7B604F37-11C5-499F-9CE2-943BAFB60552}.Release|ARM.ActiveCfg = Release|Any CPU
		{7B604F37-11C5-499F-9CE2-943BAFB60552}.Release|x64.ActiveCfg = Release|Any CPU
		{7B604F37-11C5-499F-9CE2-943BAFB60552}.Release|x86.ActiveCfg = Release|Any CPU
		{F37668D8-6423-4019-90D9-3DA81EEC6A1A}.Debug - Reduced|Any CPU.ActiveCfg = Debug|Any CPU
		{F37668D8-6423-4019-90D9-3DA81EEC6A1A}.Debug - Reduced|ARM.ActiveCfg = Debug - Reduced|Any CPU
		{F37668D8-6423-4019-90D9-3DA81EEC6A1A}.Debug - Reduced|ARM.Build.0 = Debug - Reduced|Any CPU
		{F37668D8-6423-4019-90D9-3DA81EEC6A1A}.Debug - Reduced|x64.ActiveCfg = Debug - Reduced|Any CPU
		{F37668D8-6423-4019-90D9-3DA81EEC6A1A}.Debug - Reduced|x64.Build.0 = Debug - Reduced|Any CPU
		{F37668D8-6423-4019-90D9-3DA81EEC6A1A}.Debug - Reduced|x86.ActiveCfg = Debug - Reduced|Any CPU
		{F37668D8-6423-4019-90D9-3DA81EEC6A1A}.Debug|Any CPU.ActiveCfg = Debug|Any CPU
		{F37668D8-6423-4019-90D9-3DA81EEC6A1A}.Debug|Any CPU.Build.0 = Debug|Any CPU
		{F37668D8-6423-4019-90D9-3DA81EEC6A1A}.Debug|ARM.ActiveCfg = Debug|Any CPU
		{F37668D8-6423-4019-90D9-3DA81EEC6A1A}.Debug|ARM.Build.0 = Debug|Any CPU
		{F37668D8-6423-4019-90D9-3DA81EEC6A1A}.Debug|x64.ActiveCfg = Debug|Any CPU
		{F37668D8-6423-4019-90D9-3DA81EEC6A1A}.Debug|x64.Build.0 = Debug|Any CPU
		{F37668D8-6423-4019-90D9-3DA81EEC6A1A}.Debug|x86.ActiveCfg = Debug|Any CPU
		{F37668D8-6423-4019-90D9-3DA81EEC6A1A}.Release with Documentation|Any CPU.ActiveCfg = Release|Any CPU
		{F37668D8-6423-4019-90D9-3DA81EEC6A1A}.Release with Documentation|Any CPU.Build.0 = Release|Any CPU
		{F37668D8-6423-4019-90D9-3DA81EEC6A1A}.Release with Documentation|ARM.ActiveCfg = Release|Any CPU
		{F37668D8-6423-4019-90D9-3DA81EEC6A1A}.Release with Documentation|ARM.Build.0 = Release|Any CPU
		{F37668D8-6423-4019-90D9-3DA81EEC6A1A}.Release with Documentation|x64.ActiveCfg = Release|Any CPU
		{F37668D8-6423-4019-90D9-3DA81EEC6A1A}.Release with Documentation|x64.Build.0 = Release|Any CPU
		{F37668D8-6423-4019-90D9-3DA81EEC6A1A}.Release with Documentation|x86.ActiveCfg = Release|Any CPU
		{F37668D8-6423-4019-90D9-3DA81EEC6A1A}.Release|Any CPU.ActiveCfg = Release|Any CPU
		{F37668D8-6423-4019-90D9-3DA81EEC6A1A}.Release|Any CPU.Build.0 = Release|Any CPU
		{F37668D8-6423-4019-90D9-3DA81EEC6A1A}.Release|ARM.ActiveCfg = Release|Any CPU
		{F37668D8-6423-4019-90D9-3DA81EEC6A1A}.Release|x64.ActiveCfg = Release|Any CPU
		{F37668D8-6423-4019-90D9-3DA81EEC6A1A}.Release|x86.ActiveCfg = Release|Any CPU
		{D21445EE-13AF-418B-9576-83414990B3A7}.Debug - Reduced|Any CPU.ActiveCfg = Debug|Any CPU
		{D21445EE-13AF-418B-9576-83414990B3A7}.Debug - Reduced|Any CPU.Build.0 = Debug|Any CPU
		{D21445EE-13AF-418B-9576-83414990B3A7}.Debug - Reduced|ARM.ActiveCfg = Debug - Reduced|Any CPU
		{D21445EE-13AF-418B-9576-83414990B3A7}.Debug - Reduced|ARM.Build.0 = Debug - Reduced|Any CPU
		{D21445EE-13AF-418B-9576-83414990B3A7}.Debug - Reduced|x64.ActiveCfg = Debug - Reduced|Any CPU
		{D21445EE-13AF-418B-9576-83414990B3A7}.Debug - Reduced|x64.Build.0 = Debug - Reduced|Any CPU
		{D21445EE-13AF-418B-9576-83414990B3A7}.Debug - Reduced|x86.ActiveCfg = Debug - Reduced|Any CPU
		{D21445EE-13AF-418B-9576-83414990B3A7}.Debug|Any CPU.ActiveCfg = Debug|Any CPU
		{D21445EE-13AF-418B-9576-83414990B3A7}.Debug|Any CPU.Build.0 = Debug|Any CPU
		{D21445EE-13AF-418B-9576-83414990B3A7}.Debug|ARM.ActiveCfg = Debug|Any CPU
		{D21445EE-13AF-418B-9576-83414990B3A7}.Debug|ARM.Build.0 = Debug|Any CPU
		{D21445EE-13AF-418B-9576-83414990B3A7}.Debug|x64.ActiveCfg = Debug|Any CPU
		{D21445EE-13AF-418B-9576-83414990B3A7}.Debug|x64.Build.0 = Debug|Any CPU
		{D21445EE-13AF-418B-9576-83414990B3A7}.Debug|x86.ActiveCfg = Debug|Any CPU
		{D21445EE-13AF-418B-9576-83414990B3A7}.Release with Documentation|Any CPU.ActiveCfg = Release|Any CPU
		{D21445EE-13AF-418B-9576-83414990B3A7}.Release with Documentation|Any CPU.Build.0 = Release|Any CPU
		{D21445EE-13AF-418B-9576-83414990B3A7}.Release with Documentation|ARM.ActiveCfg = Release with Documentation|Any CPU
		{D21445EE-13AF-418B-9576-83414990B3A7}.Release with Documentation|ARM.Build.0 = Release with Documentation|Any CPU
		{D21445EE-13AF-418B-9576-83414990B3A7}.Release with Documentation|x64.ActiveCfg = Release with Documentation|Any CPU
		{D21445EE-13AF-418B-9576-83414990B3A7}.Release with Documentation|x64.Build.0 = Release with Documentation|Any CPU
		{D21445EE-13AF-418B-9576-83414990B3A7}.Release with Documentation|x86.ActiveCfg = Release with Documentation|Any CPU
		{D21445EE-13AF-418B-9576-83414990B3A7}.Release|Any CPU.ActiveCfg = Release|Any CPU
		{D21445EE-13AF-418B-9576-83414990B3A7}.Release|Any CPU.Build.0 = Release|Any CPU
		{D21445EE-13AF-418B-9576-83414990B3A7}.Release|ARM.ActiveCfg = Release|Any CPU
		{D21445EE-13AF-418B-9576-83414990B3A7}.Release|x64.ActiveCfg = Release|Any CPU
		{D21445EE-13AF-418B-9576-83414990B3A7}.Release|x86.ActiveCfg = Release|Any CPU
		{AF488075-40E9-48B1-8C5B-2FC5356C9233}.Debug - Reduced|Any CPU.ActiveCfg = Debug|Any CPU
		{AF488075-40E9-48B1-8C5B-2FC5356C9233}.Debug - Reduced|ARM.ActiveCfg = Debug - Reduced|Any CPU
		{AF488075-40E9-48B1-8C5B-2FC5356C9233}.Debug - Reduced|ARM.Build.0 = Debug - Reduced|Any CPU
		{AF488075-40E9-48B1-8C5B-2FC5356C9233}.Debug - Reduced|x64.ActiveCfg = Debug - Reduced|Any CPU
		{AF488075-40E9-48B1-8C5B-2FC5356C9233}.Debug - Reduced|x64.Build.0 = Debug - Reduced|Any CPU
		{AF488075-40E9-48B1-8C5B-2FC5356C9233}.Debug - Reduced|x86.ActiveCfg = Debug - Reduced|Any CPU
		{AF488075-40E9-48B1-8C5B-2FC5356C9233}.Debug|Any CPU.ActiveCfg = Debug|Any CPU
		{AF488075-40E9-48B1-8C5B-2FC5356C9233}.Debug|Any CPU.Build.0 = Debug|Any CPU
		{AF488075-40E9-48B1-8C5B-2FC5356C9233}.Debug|ARM.ActiveCfg = Debug|Any CPU
		{AF488075-40E9-48B1-8C5B-2FC5356C9233}.Debug|ARM.Build.0 = Debug|Any CPU
		{AF488075-40E9-48B1-8C5B-2FC5356C9233}.Debug|x64.ActiveCfg = Debug|Any CPU
		{AF488075-40E9-48B1-8C5B-2FC5356C9233}.Debug|x64.Build.0 = Debug|Any CPU
		{AF488075-40E9-48B1-8C5B-2FC5356C9233}.Debug|x86.ActiveCfg = Debug|Any CPU
		{AF488075-40E9-48B1-8C5B-2FC5356C9233}.Release with Documentation|Any CPU.ActiveCfg = Release|Any CPU
		{AF488075-40E9-48B1-8C5B-2FC5356C9233}.Release with Documentation|Any CPU.Build.0 = Release|Any CPU
		{AF488075-40E9-48B1-8C5B-2FC5356C9233}.Release with Documentation|ARM.ActiveCfg = Release|Any CPU
		{AF488075-40E9-48B1-8C5B-2FC5356C9233}.Release with Documentation|ARM.Build.0 = Release|Any CPU
		{AF488075-40E9-48B1-8C5B-2FC5356C9233}.Release with Documentation|x64.ActiveCfg = Release|Any CPU
		{AF488075-40E9-48B1-8C5B-2FC5356C9233}.Release with Documentation|x64.Build.0 = Release|Any CPU
		{AF488075-40E9-48B1-8C5B-2FC5356C9233}.Release with Documentation|x86.ActiveCfg = Release|Any CPU
		{AF488075-40E9-48B1-8C5B-2FC5356C9233}.Release|Any CPU.ActiveCfg = Release|Any CPU
		{AF488075-40E9-48B1-8C5B-2FC5356C9233}.Release|Any CPU.Build.0 = Release|Any CPU
		{AF488075-40E9-48B1-8C5B-2FC5356C9233}.Release|ARM.ActiveCfg = Release|Any CPU
		{AF488075-40E9-48B1-8C5B-2FC5356C9233}.Release|x64.ActiveCfg = Release|Any CPU
		{AF488075-40E9-48B1-8C5B-2FC5356C9233}.Release|x86.ActiveCfg = Release|Any CPU
		{3955595F-CB1E-4947-B741-9F305605298D}.Debug - Reduced|Any CPU.ActiveCfg = Debug|Any CPU
		{3955595F-CB1E-4947-B741-9F305605298D}.Debug - Reduced|ARM.ActiveCfg = Debug - Reduced|Any CPU
		{3955595F-CB1E-4947-B741-9F305605298D}.Debug - Reduced|ARM.Build.0 = Debug - Reduced|Any CPU
		{3955595F-CB1E-4947-B741-9F305605298D}.Debug - Reduced|x64.ActiveCfg = Debug - Reduced|Any CPU
		{3955595F-CB1E-4947-B741-9F305605298D}.Debug - Reduced|x64.Build.0 = Debug - Reduced|Any CPU
		{3955595F-CB1E-4947-B741-9F305605298D}.Debug - Reduced|x86.ActiveCfg = Debug - Reduced|Any CPU
		{3955595F-CB1E-4947-B741-9F305605298D}.Debug|Any CPU.ActiveCfg = Debug|Any CPU
		{3955595F-CB1E-4947-B741-9F305605298D}.Debug|Any CPU.Build.0 = Debug|Any CPU
		{3955595F-CB1E-4947-B741-9F305605298D}.Debug|ARM.ActiveCfg = Debug|Any CPU
		{3955595F-CB1E-4947-B741-9F305605298D}.Debug|ARM.Build.0 = Debug|Any CPU
		{3955595F-CB1E-4947-B741-9F305605298D}.Debug|x64.ActiveCfg = Debug|Any CPU
		{3955595F-CB1E-4947-B741-9F305605298D}.Debug|x64.Build.0 = Debug|Any CPU
		{3955595F-CB1E-4947-B741-9F305605298D}.Debug|x86.ActiveCfg = Debug|Any CPU
		{3955595F-CB1E-4947-B741-9F305605298D}.Release with Documentation|Any CPU.ActiveCfg = Release|Any CPU
		{3955595F-CB1E-4947-B741-9F305605298D}.Release with Documentation|Any CPU.Build.0 = Release|Any CPU
		{3955595F-CB1E-4947-B741-9F305605298D}.Release with Documentation|ARM.ActiveCfg = Release|Any CPU
		{3955595F-CB1E-4947-B741-9F305605298D}.Release with Documentation|ARM.Build.0 = Release|Any CPU
		{3955595F-CB1E-4947-B741-9F305605298D}.Release with Documentation|x64.ActiveCfg = Release|Any CPU
		{3955595F-CB1E-4947-B741-9F305605298D}.Release with Documentation|x64.Build.0 = Release|Any CPU
		{3955595F-CB1E-4947-B741-9F305605298D}.Release with Documentation|x86.ActiveCfg = Release|Any CPU
		{3955595F-CB1E-4947-B741-9F305605298D}.Release|Any CPU.ActiveCfg = Release|Any CPU
		{3955595F-CB1E-4947-B741-9F305605298D}.Release|Any CPU.Build.0 = Release|Any CPU
		{3955595F-CB1E-4947-B741-9F305605298D}.Release|ARM.ActiveCfg = Release|Any CPU
		{3955595F-CB1E-4947-B741-9F305605298D}.Release|x64.ActiveCfg = Release|Any CPU
		{3955595F-CB1E-4947-B741-9F305605298D}.Release|x86.ActiveCfg = Release|Any CPU
		{C15BC6D6-A6EE-46DB-8706-E7317F124126}.Debug - Reduced|Any CPU.ActiveCfg = Debug|Any CPU
		{C15BC6D6-A6EE-46DB-8706-E7317F124126}.Debug - Reduced|ARM.ActiveCfg = Debug|Any CPU
		{C15BC6D6-A6EE-46DB-8706-E7317F124126}.Debug - Reduced|ARM.Build.0 = Debug|Any CPU
		{C15BC6D6-A6EE-46DB-8706-E7317F124126}.Debug - Reduced|x64.ActiveCfg = Debug|Any CPU
		{C15BC6D6-A6EE-46DB-8706-E7317F124126}.Debug - Reduced|x64.Build.0 = Debug|Any CPU
		{C15BC6D6-A6EE-46DB-8706-E7317F124126}.Debug - Reduced|x86.ActiveCfg = Debug|Any CPU
		{C15BC6D6-A6EE-46DB-8706-E7317F124126}.Debug - Reduced|x86.Build.0 = Debug|Any CPU
		{C15BC6D6-A6EE-46DB-8706-E7317F124126}.Debug|Any CPU.ActiveCfg = Debug|Any CPU
		{C15BC6D6-A6EE-46DB-8706-E7317F124126}.Debug|Any CPU.Build.0 = Debug|Any CPU
		{C15BC6D6-A6EE-46DB-8706-E7317F124126}.Debug|ARM.ActiveCfg = Debug|Any CPU
		{C15BC6D6-A6EE-46DB-8706-E7317F124126}.Debug|ARM.Build.0 = Debug|Any CPU
		{C15BC6D6-A6EE-46DB-8706-E7317F124126}.Debug|x64.ActiveCfg = Debug|Any CPU
		{C15BC6D6-A6EE-46DB-8706-E7317F124126}.Debug|x64.Build.0 = Debug|Any CPU
		{C15BC6D6-A6EE-46DB-8706-E7317F124126}.Debug|x86.ActiveCfg = Debug|Any CPU
		{C15BC6D6-A6EE-46DB-8706-E7317F124126}.Debug|x86.Build.0 = Debug|Any CPU
		{C15BC6D6-A6EE-46DB-8706-E7317F124126}.Release with Documentation|Any CPU.ActiveCfg = Release|Any CPU
		{C15BC6D6-A6EE-46DB-8706-E7317F124126}.Release with Documentation|Any CPU.Build.0 = Release|Any CPU
		{C15BC6D6-A6EE-46DB-8706-E7317F124126}.Release with Documentation|ARM.ActiveCfg = Release|Any CPU
		{C15BC6D6-A6EE-46DB-8706-E7317F124126}.Release with Documentation|ARM.Build.0 = Release|Any CPU
		{C15BC6D6-A6EE-46DB-8706-E7317F124126}.Release with Documentation|x64.ActiveCfg = Release|Any CPU
		{C15BC6D6-A6EE-46DB-8706-E7317F124126}.Release with Documentation|x64.Build.0 = Release|Any CPU
		{C15BC6D6-A6EE-46DB-8706-E7317F124126}.Release with Documentation|x86.ActiveCfg = Release|Any CPU
		{C15BC6D6-A6EE-46DB-8706-E7317F124126}.Release with Documentation|x86.Build.0 = Release|Any CPU
		{C15BC6D6-A6EE-46DB-8706-E7317F124126}.Release|Any CPU.ActiveCfg = Release|Any CPU
		{C15BC6D6-A6EE-46DB-8706-E7317F124126}.Release|Any CPU.Build.0 = Release|Any CPU
		{C15BC6D6-A6EE-46DB-8706-E7317F124126}.Release|ARM.ActiveCfg = Release|Any CPU
		{C15BC6D6-A6EE-46DB-8706-E7317F124126}.Release|ARM.Build.0 = Release|Any CPU
		{C15BC6D6-A6EE-46DB-8706-E7317F124126}.Release|x64.ActiveCfg = Release|Any CPU
		{C15BC6D6-A6EE-46DB-8706-E7317F124126}.Release|x64.Build.0 = Release|Any CPU
		{C15BC6D6-A6EE-46DB-8706-E7317F124126}.Release|x86.ActiveCfg = Release|Any CPU
		{C15BC6D6-A6EE-46DB-8706-E7317F124126}.Release|x86.Build.0 = Release|Any CPU
		{D3751126-7345-4459-994D-8E3A8B5A1B1E}.Debug - Reduced|Any CPU.ActiveCfg = Debug|Any CPU
		{D3751126-7345-4459-994D-8E3A8B5A1B1E}.Debug - Reduced|ARM.ActiveCfg = Debug - Reduced|Any CPU
		{D3751126-7345-4459-994D-8E3A8B5A1B1E}.Debug - Reduced|ARM.Build.0 = Debug - Reduced|Any CPU
		{D3751126-7345-4459-994D-8E3A8B5A1B1E}.Debug - Reduced|x64.ActiveCfg = Debug - Reduced|Any CPU
		{D3751126-7345-4459-994D-8E3A8B5A1B1E}.Debug - Reduced|x64.Build.0 = Debug - Reduced|Any CPU
		{D3751126-7345-4459-994D-8E3A8B5A1B1E}.Debug - Reduced|x86.ActiveCfg = Debug - Reduced|Any CPU
		{D3751126-7345-4459-994D-8E3A8B5A1B1E}.Debug - Reduced|x86.Build.0 = Debug - Reduced|Any CPU
		{D3751126-7345-4459-994D-8E3A8B5A1B1E}.Debug|Any CPU.ActiveCfg = Debug|Any CPU
		{D3751126-7345-4459-994D-8E3A8B5A1B1E}.Debug|Any CPU.Build.0 = Debug|Any CPU
		{D3751126-7345-4459-994D-8E3A8B5A1B1E}.Debug|ARM.ActiveCfg = Debug|Any CPU
		{D3751126-7345-4459-994D-8E3A8B5A1B1E}.Debug|ARM.Build.0 = Debug|Any CPU
		{D3751126-7345-4459-994D-8E3A8B5A1B1E}.Debug|x64.ActiveCfg = Debug|Any CPU
		{D3751126-7345-4459-994D-8E3A8B5A1B1E}.Debug|x64.Build.0 = Debug|Any CPU
		{D3751126-7345-4459-994D-8E3A8B5A1B1E}.Debug|x86.ActiveCfg = Debug|Any CPU
		{D3751126-7345-4459-994D-8E3A8B5A1B1E}.Debug|x86.Build.0 = Debug|Any CPU
		{D3751126-7345-4459-994D-8E3A8B5A1B1E}.Release with Documentation|Any CPU.ActiveCfg = Release|Any CPU
		{D3751126-7345-4459-994D-8E3A8B5A1B1E}.Release with Documentation|Any CPU.Build.0 = Release|Any CPU
		{D3751126-7345-4459-994D-8E3A8B5A1B1E}.Release with Documentation|ARM.ActiveCfg = Release|Any CPU
		{D3751126-7345-4459-994D-8E3A8B5A1B1E}.Release with Documentation|ARM.Build.0 = Release|Any CPU
		{D3751126-7345-4459-994D-8E3A8B5A1B1E}.Release with Documentation|x64.ActiveCfg = Release|Any CPU
		{D3751126-7345-4459-994D-8E3A8B5A1B1E}.Release with Documentation|x64.Build.0 = Release|Any CPU
		{D3751126-7345-4459-994D-8E3A8B5A1B1E}.Release with Documentation|x86.ActiveCfg = Release|Any CPU
		{D3751126-7345-4459-994D-8E3A8B5A1B1E}.Release with Documentation|x86.Build.0 = Release|Any CPU
		{D3751126-7345-4459-994D-8E3A8B5A1B1E}.Release|Any CPU.ActiveCfg = Release|Any CPU
		{D3751126-7345-4459-994D-8E3A8B5A1B1E}.Release|Any CPU.Build.0 = Release|Any CPU
		{D3751126-7345-4459-994D-8E3A8B5A1B1E}.Release|ARM.ActiveCfg = Release|Any CPU
		{D3751126-7345-4459-994D-8E3A8B5A1B1E}.Release|ARM.Build.0 = Release|Any CPU
		{D3751126-7345-4459-994D-8E3A8B5A1B1E}.Release|x64.ActiveCfg = Release|Any CPU
		{D3751126-7345-4459-994D-8E3A8B5A1B1E}.Release|x64.Build.0 = Release|Any CPU
		{D3751126-7345-4459-994D-8E3A8B5A1B1E}.Release|x86.ActiveCfg = Release|Any CPU
		{D3751126-7345-4459-994D-8E3A8B5A1B1E}.Release|x86.Build.0 = Release|Any CPU
		{23F0D07E-D1B2-4161-915C-439585AA42A1}.Debug - Reduced|Any CPU.ActiveCfg = Debug|Any CPU
		{23F0D07E-D1B2-4161-915C-439585AA42A1}.Debug - Reduced|ARM.ActiveCfg = Debug - Reduced|Any CPU
		{23F0D07E-D1B2-4161-915C-439585AA42A1}.Debug - Reduced|ARM.Build.0 = Debug - Reduced|Any CPU
		{23F0D07E-D1B2-4161-915C-439585AA42A1}.Debug - Reduced|x64.ActiveCfg = Debug - Reduced|Any CPU
		{23F0D07E-D1B2-4161-915C-439585AA42A1}.Debug - Reduced|x64.Build.0 = Debug - Reduced|Any CPU
		{23F0D07E-D1B2-4161-915C-439585AA42A1}.Debug - Reduced|x86.ActiveCfg = Debug - Reduced|Any CPU
		{23F0D07E-D1B2-4161-915C-439585AA42A1}.Debug - Reduced|x86.Build.0 = Debug - Reduced|Any CPU
		{23F0D07E-D1B2-4161-915C-439585AA42A1}.Debug|Any CPU.ActiveCfg = Debug|Any CPU
		{23F0D07E-D1B2-4161-915C-439585AA42A1}.Debug|Any CPU.Build.0 = Debug|Any CPU
		{23F0D07E-D1B2-4161-915C-439585AA42A1}.Debug|ARM.ActiveCfg = Debug|Any CPU
		{23F0D07E-D1B2-4161-915C-439585AA42A1}.Debug|ARM.Build.0 = Debug|Any CPU
		{23F0D07E-D1B2-4161-915C-439585AA42A1}.Debug|x64.ActiveCfg = Debug|Any CPU
		{23F0D07E-D1B2-4161-915C-439585AA42A1}.Debug|x64.Build.0 = Debug|Any CPU
		{23F0D07E-D1B2-4161-915C-439585AA42A1}.Debug|x86.ActiveCfg = Debug|Any CPU
		{23F0D07E-D1B2-4161-915C-439585AA42A1}.Debug|x86.Build.0 = Debug|Any CPU
		{23F0D07E-D1B2-4161-915C-439585AA42A1}.Release with Documentation|Any CPU.ActiveCfg = Release|Any CPU
		{23F0D07E-D1B2-4161-915C-439585AA42A1}.Release with Documentation|Any CPU.Build.0 = Release|Any CPU
		{23F0D07E-D1B2-4161-915C-439585AA42A1}.Release with Documentation|ARM.ActiveCfg = Release|Any CPU
		{23F0D07E-D1B2-4161-915C-439585AA42A1}.Release with Documentation|ARM.Build.0 = Release|Any CPU
		{23F0D07E-D1B2-4161-915C-439585AA42A1}.Release with Documentation|x64.ActiveCfg = Release|Any CPU
		{23F0D07E-D1B2-4161-915C-439585AA42A1}.Release with Documentation|x64.Build.0 = Release|Any CPU
		{23F0D07E-D1B2-4161-915C-439585AA42A1}.Release with Documentation|x86.ActiveCfg = Release|Any CPU
		{23F0D07E-D1B2-4161-915C-439585AA42A1}.Release with Documentation|x86.Build.0 = Release|Any CPU
		{23F0D07E-D1B2-4161-915C-439585AA42A1}.Release|Any CPU.ActiveCfg = Release|Any CPU
		{23F0D07E-D1B2-4161-915C-439585AA42A1}.Release|Any CPU.Build.0 = Release|Any CPU
		{23F0D07E-D1B2-4161-915C-439585AA42A1}.Release|ARM.ActiveCfg = Release|Any CPU
		{23F0D07E-D1B2-4161-915C-439585AA42A1}.Release|ARM.Build.0 = Release|Any CPU
		{23F0D07E-D1B2-4161-915C-439585AA42A1}.Release|x64.ActiveCfg = Release|Any CPU
		{23F0D07E-D1B2-4161-915C-439585AA42A1}.Release|x64.Build.0 = Release|Any CPU
		{23F0D07E-D1B2-4161-915C-439585AA42A1}.Release|x86.ActiveCfg = Release|Any CPU
		{23F0D07E-D1B2-4161-915C-439585AA42A1}.Release|x86.Build.0 = Release|Any CPU
	EndGlobalSection
	GlobalSection(SolutionProperties) = preSolution
		HideSolutionNode = FALSE
	EndGlobalSection
	GlobalSection(NestedProjects) = preSolution
		{7B604F37-11C5-499F-9CE2-943BAFB60552} = {751F738A-6DBF-4E2B-8FCD-D381E46D979D}
		{F37668D8-6423-4019-90D9-3DA81EEC6A1A} = {751F738A-6DBF-4E2B-8FCD-D381E46D979D}
		{D21445EE-13AF-418B-9576-83414990B3A7} = {751F738A-6DBF-4E2B-8FCD-D381E46D979D}
		{AF488075-40E9-48B1-8C5B-2FC5356C9233} = {751F738A-6DBF-4E2B-8FCD-D381E46D979D}
	EndGlobalSection
	GlobalSection(ExtensibilityGlobals) = postSolution
		SolutionGuid = {73A9B453-AE71-4A98-B68A-2389573CD311}
	EndGlobalSection
EndGlobal
